
Microsoft Visual Studio Solution File, Format Version 12.00
# Visual Studio Version 17
VisualStudioVersion = 17.2.32630.192
MinimumVisualStudioVersion = 10.0.40219.1
Project("{8BC9CEB8-8B4A-11D0-8D11-00A0C91BC942}") = "pomodoro", "pomodoro\pomodoro.vcxproj", "{AE82D12B-6304-48B4-9E85-927F8D249D89}"
EndProject
Global
	GlobalSection(SolutionConfigurationPlatforms) = preSolution
		Debug|x64 = Debug|x64
		Debug|x86 = Debug|x86
		Release|x64 = Release|x64
		Release|x86 = Release|x86
	EndGlobalSection
	GlobalSection(ProjectConfigurationPlatforms) = postSolution
		{AE82D12B-6304-48B4-9E85-927F8D249D89}.Debug|x64.ActiveCfg = Debug|x64
		{AE82D12B-6304-48B4-9E85-927F8D249D89}.Debug|x64.Build.0 = Debug|x64
		{AE82D12B-6304-48B4-9E85-927F8D249D89}.Debug|x86.ActiveCfg = Debug|Win32
		{AE82D12B-6304-48B4-9E85-927F8D249D89}.Debug|x86.Build.0 = Debug|Win32
		{AE82D12B-6304-48B4-9E85-927F8D249D89}.Release|x64.ActiveCfg = Release|x64
		{AE82D12B-6304-48B4-9E85-927F8D249D89}.Release|x64.Build.0 = Release|x64
		{AE82D12B-6304-48B4-9E85-927F8D249D89}.Release|x86.ActiveCfg = Release|Win32
		{AE82D12B-6304-48B4-9E85-927F8D249D89}.Release|x86.Build.0 = Release|Win32
	EndGlobalSection
	GlobalSection(SolutionProperties) = preSolution
		HideSolutionNode = FALSE
	EndGlobalSection
	GlobalSection(ExtensibilityGlobals) = postSolution
		SolutionGuid = {837A545A-AB5D-4530-8D7E-6AA6B863236A}
	EndGlobalSection
EndGlobal
